
Microsoft Visual Studio Solution File, Format Version 12.00
# Visual Studio Version 17
VisualStudioVersion = 17.11.35312.102
MinimumVisualStudioVersion = 10.0.40219.1
Project("{FAE04EC0-301F-11D3-BF4B-00C04F79EFBC}") = "demoII", "demoII.csproj", "{3548218D-7FDD-4926-9A28-7255E766E201}"
EndProject
Global
	GlobalSection(SolutionConfigurationPlatforms) = preSolution
		Debug|Any CPU = Debug|Any CPU
		Release|Any CPU = Release|Any CPU
	EndGlobalSection
	GlobalSection(ProjectConfigurationPlatforms) = postSolution
		{3548218D-7FDD-4926-9A28-7255E766E201}.Debug|Any CPU.ActiveCfg = Debug|Any CPU
		{3548218D-7FDD-4926-9A28-7255E766E201}.Debug|Any CPU.Build.0 = Debug|Any CPU
		{3548218D-7FDD-4926-9A28-7255E766E201}.Release|Any CPU.ActiveCfg = Release|Any CPU
		{3548218D-7FDD-4926-9A28-7255E766E201}.Release|Any CPU.Build.0 = Release|Any CPU
	EndGlobalSection
	GlobalSection(SolutionProperties) = preSolution
		HideSolutionNode = FALSE
	EndGlobalSection
	GlobalSection(ExtensibilityGlobals) = postSolution
		SolutionGuid = {92F4DA0D-25A5-4289-AEDF-44F862F13524}
	EndGlobalSection
EndGlobal
